# This file is automatically @generated by Poetry 2.2.1 and should not be changed by hand.

[[package]]
name = "maturin"
version = "1.10.1"
description = "Build and publish crates with pyo3, cffi and uniffi bindings as well as rust binaries as python packages"
optional = false
python-versions = ">=3.7"
groups = ["main"]
files = [
    {file = "maturin-1.10.1-py3-none-linux_armv6l.whl", hash = "sha256:dfc0e509ce0f1f77fe1316a503a35991ef27f2ea6ffa3527d12fc0d238700c94"},
    {file = "maturin-1.10.1-py3-none-macosx_10_12_x86_64.macosx_11_0_arm64.macosx_10_12_universal2.whl", hash = "sha256:5c2557b9c6b615d651f15c04c7baf9cfea9babeecea4cb136f054fc5dd1dab6b"},
    {file = "maturin-1.10.1-py3-none-macosx_10_12_x86_64.whl", hash = "sha256:52c55dc8ee2b9a7a34358af40c24113c179bdbd1be19c14d96f773850f41c216"},
    {file = "maturin-1.10.1-py3-none-manylinux_2_12_i686.manylinux2010_i686.musllinux_1_1_i686.whl", hash = "sha256:cc0540148dd896aba2af232ebaf3f9adc1637d54d5dcd501ba3daea8f9e3c84b"},
    {file = "maturin-1.10.1-py3-none-manylinux_2_12_x86_64.manylinux2010_x86_64.musllinux_1_1_x86_64.whl", hash = "sha256:9475a6ac15339fc0be5d3f1cdc6e1a50711ea75bd41f49ba50b52b1a46191dde"},
    {file = "maturin-1.10.1-py3-none-manylinux_2_17_aarch64.manylinux2014_aarch64.musllinux_1_1_aarch64.whl", hash = "sha256:fdbe5b43e1aefa8925ab19f727ddb3732c2c53fd6ac6b1c1de63983c37527101"},
    {file = "maturin-1.10.1-py3-none-manylinux_2_17_armv7l.manylinux2014_armv7l.musllinux_1_1_armv7l.whl", hash = "sha256:b37b20f273ec0f95db36eff2b9cdf15c2228dfedae8caf88b745e52944795f47"},
    {file = "maturin-1.10.1-py3-none-manylinux_2_17_ppc64le.manylinux2014_ppc64le.musllinux_1_1_ppc64le.whl", hash = "sha256:6c6de5da3bcc31b7f16b8f6715afa25507ac7e21c463872903963396aa991dc4"},
    {file = "maturin-1.10.1-py3-none-manylinux_2_17_s390x.manylinux2014_s390x.whl", hash = "sha256:6a68223dcaa1873fc5825983fecfabbfef7671c08d6f8a280dfa351feee48ebe"},
    {file = "maturin-1.10.1-py3-none-manylinux_2_31_riscv64.whl", hash = "sha256:e69bdbade26e0b0a642384595bb392a728e0d23c3ec59a6f09b8f9bc6376e7d1"},
    {file = "maturin-1.10.1-py3-none-win32.whl", hash = "sha256:9e62c009c09529e13967e7efe3c78a9be67b6c0b5730485e925e2fce60719462"},
    {file = "maturin-1.10.1-py3-none-win_amd64.whl", hash = "sha256:bb84e1a556490470572fbfba4aab3cb281d6d9ea766a346c96aa9cfd47ba1fc6"},
    {file = "maturin-1.10.1-py3-none-win_arm64.whl", hash = "sha256:b285602df88a6ed8aa4d9e5ac893ecf32530515723af5acfd5b32feeb2a8a774"},
    {file = "maturin-1.10.1.tar.gz", hash = "sha256:69543e8bad4221c3c7ae7d7f31f275757bff8a66936368e013fa0256f8d6b512"},
]

[package.dependencies]
tomli = {version = ">=1.1.0", markers = "python_full_version < \"3.11.0\""}

[package.extras]
patchelf = ["patchelf"]
zig = ["ziglang (>=0.10.0,<0.13.0)"]

[[package]]
name = "tomli"
version = "2.0.1"
description = "A lil' TOML parser"
optional = false
python-versions = ">=3.7"
groups = ["main"]
markers = "python_full_version < \"3.11.0\""
files = [
    {file = "tomli-2.0.1-py3-none-any.whl", hash = "sha256:939de3e7a6161af0c887ef91b7d41a53e7c5a1ca976325f429cb46ea9bc30ecc"},
    {file = "tomli-2.0.1.tar.gz", hash = "sha256:de526c12914f0c550d15924c62d72abc48d6fe7364aa87328337a31007fe8a4f"},
]

[metadata]
lock-version = "2.1"
python-versions = "^3.7"
content-hash = "f795f8ae75f4ea2101a25081e2583accc9d721b2bf83c450b8b10d63c71a19f7"
