# This file is automatically @generated by Poetry 2.2.0 and should not be changed by hand.

[[package]]
name = "maturin"
version = "1.9.6"
description = "Build and publish crates with pyo3, cffi and uniffi bindings as well as rust binaries as python packages"
optional = false
python-versions = ">=3.7"
groups = ["main"]
files = [
    {file = "maturin-1.9.6-py3-none-linux_armv6l.whl", hash = "sha256:26e3ab1a42a7145824210e9d763f6958f2c46afb1245ddd0bab7d78b1f59bb3f"},
    {file = "maturin-1.9.6-py3-none-macosx_10_12_x86_64.macosx_11_0_arm64.macosx_10_12_universal2.whl", hash = "sha256:5263dda3f71feef2e4122baf5c4620e4b3710dbb7f2121f85a337182de214369"},
    {file = "maturin-1.9.6-py3-none-macosx_10_12_x86_64.whl", hash = "sha256:fe78262c2800c92f67d1ce3c0f6463f958a692cc67bfb572e5dbf5b4b696a8ba"},
    {file = "maturin-1.9.6-py3-none-manylinux_2_12_i686.manylinux2010_i686.musllinux_1_1_i686.whl", hash = "sha256:7ab827c6e8c022eb2e1e7fb6deede54549c8460b20ccc2e9268cc6e8cde957a8"},
    {file = "maturin-1.9.6-py3-none-manylinux_2_12_x86_64.manylinux2010_x86_64.musllinux_1_1_x86_64.whl", hash = "sha256:0246202377c49449315305209f45c8ecef6e2d6bd27a04b5b6f1ab3e4ea47238"},
    {file = "maturin-1.9.6-py3-none-manylinux_2_17_aarch64.manylinux2014_aarch64.musllinux_1_1_aarch64.whl", hash = "sha256:f5bac167700fbb6f8c8ed1a97b494522554b4432d7578e11403b894b6a91d99f"},
    {file = "maturin-1.9.6-py3-none-manylinux_2_17_armv7l.manylinux2014_armv7l.musllinux_1_1_armv7l.whl", hash = "sha256:7f53d3b1d8396d3fea3e1ee5fd37558bca5719090f3d194ba1c02b0b56327ae3"},
    {file = "maturin-1.9.6-py3-none-manylinux_2_17_ppc64le.manylinux2014_ppc64le.musllinux_1_1_ppc64le.whl", hash = "sha256:7f506eb358386d94d6ec3208c003130cf4b69cab26034fc0cbbf8bf83afa4c2e"},
    {file = "maturin-1.9.6-py3-none-manylinux_2_17_s390x.manylinux2014_s390x.whl", hash = "sha256:f2d6984ab690af509f525dbd2b130714207c06ebb14a5814edbe1e42b17ae0de"},
    {file = "maturin-1.9.6-py3-none-manylinux_2_31_riscv64.whl", hash = "sha256:5c2252b0956bb331460ac750c805ddf0d9b44442449fc1f16e3b66941689d0bc"},
    {file = "maturin-1.9.6-py3-none-win32.whl", hash = "sha256:f2c58d29ebdd4346fd004e6be213d071fdd94a77a16aa91474a21a4f9dbf6309"},
    {file = "maturin-1.9.6-py3-none-win_amd64.whl", hash = "sha256:1b39a5d82572c240d20d9e8be024d722dfb311d330c5e28ddeb615211755941a"},
    {file = "maturin-1.9.6-py3-none-win_arm64.whl", hash = "sha256:ac02a30083553d2a781c10cd6f5480119bf6692fd177e743267406cad2ad198c"},
    {file = "maturin-1.9.6.tar.gz", hash = "sha256:2c2ae37144811d365509889ed7220b0598487f1278c2441829c3abf56cc6324a"},
]

[package.dependencies]
tomli = {version = ">=1.1.0", markers = "python_full_version < \"3.11.0\""}

[package.extras]
patchelf = ["patchelf"]
zig = ["ziglang (>=0.10.0,<0.13.0)"]

[[package]]
name = "tomli"
version = "2.0.1"
description = "A lil' TOML parser"
optional = false
python-versions = ">=3.7"
groups = ["main"]
markers = "python_full_version < \"3.11.0\""
files = [
    {file = "tomli-2.0.1-py3-none-any.whl", hash = "sha256:939de3e7a6161af0c887ef91b7d41a53e7c5a1ca976325f429cb46ea9bc30ecc"},
    {file = "tomli-2.0.1.tar.gz", hash = "sha256:de526c12914f0c550d15924c62d72abc48d6fe7364aa87328337a31007fe8a4f"},
]

[metadata]
lock-version = "2.1"
python-versions = "^3.7"
content-hash = "9d0221edd8fa3142323018c226e65e89d12468bc01ba1624202742a1c89fdc0b"
